
Microsoft Visual Studio Solution File, Format Version 12.00
# Visual Studio Version 16
VisualStudioVersion = 16.0.29215.179
MinimumVisualStudioVersion = 10.0.40219.1
Project("{9092AA53-FB77-4645-B42D-1CCCA6BD08BD}") = "testing", "testing.njsproj", "{3B6FC48B-4791-4CD3-8D61-83C13D64BBE1}"
EndProject
Global
	GlobalSection(SolutionConfigurationPlatforms) = preSolution
		Debug|Any CPU = Debug|Any CPU
		Release|Any CPU = Release|Any CPU
	EndGlobalSection
	GlobalSection(ProjectConfigurationPlatforms) = postSolution
		{3B6FC48B-4791-4CD3-8D61-83C13D64BBE1}.Debug|Any CPU.ActiveCfg = Debug|Any CPU
		{3B6FC48B-4791-4CD3-8D61-83C13D64BBE1}.Debug|Any CPU.Build.0 = Debug|Any CPU
		{3B6FC48B-4791-4CD3-8D61-83C13D64BBE1}.Release|Any CPU.ActiveCfg = Release|Any CPU
		{3B6FC48B-4791-4CD3-8D61-83C13D64BBE1}.Release|Any CPU.Build.0 = Release|Any CPU
	EndGlobalSection
	GlobalSection(SolutionProperties) = preSolution
		HideSolutionNode = FALSE
	EndGlobalSection
	GlobalSection(ExtensibilityGlobals) = postSolution
		SolutionGuid = {5EB9AABE-6BC6-4C6E-B939-E512B7538B71}
	EndGlobalSection
EndGlobal
